
Microsoft Visual Studio Solution File, Format Version 12.00
# Visual Studio Version 17
VisualStudioVersion = 17.8.34511.84
MinimumVisualStudioVersion = 10.0.40219.1
Project("{FAE04EC0-301F-11D3-BF4B-00C04F79EFBC}") = "VisaAPI", "VisaAPI\VisaAPI.csproj", "{37F5AB48-1CD9-44ED-B7FF-BE4C31C97BDE}"
EndProject
Global
	GlobalSection(SolutionConfigurationPlatforms) = preSolution
		Debug|Any CPU = Debug|Any CPU
		Release|Any CPU = Release|Any CPU
	EndGlobalSection
	GlobalSection(ProjectConfigurationPlatforms) = postSolution
		{37F5AB48-1CD9-44ED-B7FF-BE4C31C97BDE}.Debug|Any CPU.ActiveCfg = Debug|Any CPU
		{37F5AB48-1CD9-44ED-B7FF-BE4C31C97BDE}.Debug|Any CPU.Build.0 = Debug|Any CPU
		{37F5AB48-1CD9-44ED-B7FF-BE4C31C97BDE}.Release|Any CPU.ActiveCfg = Release|Any CPU
		{37F5AB48-1CD9-44ED-B7FF-BE4C31C97BDE}.Release|Any CPU.Build.0 = Release|Any CPU
	EndGlobalSection
	GlobalSection(SolutionProperties) = preSolution
		HideSolutionNode = FALSE
	EndGlobalSection
	GlobalSection(ExtensibilityGlobals) = postSolution
		SolutionGuid = {8AFB56E2-C673-44EC-B5ED-84B50C51F4B9}
	EndGlobalSection
EndGlobal
